{
  "name": "trendquant-monorepo",
  "version": "1.0.0",
  "lockfileVersion": 3,
  "requires": true,
  "packages": {
    "": {
      "name": "trendquant-monorepo",
      "version": "1.0.0",
      "workspaces": [
        "apps/*",
        "packages/*"
      ]
    },
    "node_modules/@trendquant/design-tokens": {
      "resolved": "packages/design-tokens",
      "link": true
    },
    "packages/design-tokens": {
      "name": "@trendquant/design-tokens",
      "version": "0.1.0"
    }
  }
}
